
Microsoft Visual Studio Solution File, Format Version 12.00
# Visual Studio 15
VisualStudioVersion = 15.0.27703.1
MinimumVisualStudioVersion = 10.0.40219.1
Project("{A0786B88-2ADB-4C21-ABE8-AA2D79766269}") = "ipDd", "..\..\..\..\..\Users\Пылесос\source\repos\ipDd\ipDd\ipDd.phpproj", "{7661A698-9044-40EE-ACCE-4B801CF35BCD}"
EndProject
Global
	GlobalSection(SolutionConfigurationPlatforms) = preSolution
		Debug|Any CPU = Debug|Any CPU
		Release|Any CPU = Release|Any CPU
	EndGlobalSection
	GlobalSection(ProjectConfigurationPlatforms) = postSolution
		{7661A698-9044-40EE-ACCE-4B801CF35BCD}.Debug|Any CPU.ActiveCfg = Debug|Any CPU
		{7661A698-9044-40EE-ACCE-4B801CF35BCD}.Release|Any CPU.ActiveCfg = Release|Any CPU
	EndGlobalSection
	GlobalSection(SolutionProperties) = preSolution
		HideSolutionNode = FALSE
	EndGlobalSection
	GlobalSection(ExtensibilityGlobals) = postSolution
		SolutionGuid = {A7B820F9-CF34-454C-912E-5CF36D862098}
	EndGlobalSection
EndGlobal
